
Microsoft Visual Studio Solution File, Format Version 12.00
# Visual Studio Version 17
VisualStudioVersion = 17.5.002.0
MinimumVisualStudioVersion = 10.0.40219.1
Project("{9A19103F-16F7-4668-BE54-9A1E7A4F7556}") = "ShippingService", "ShippingService.csproj", "{2028E51E-15CE-47BF-9623-3E8F737FB2EC}"
EndProject
Global
	GlobalSection(SolutionConfigurationPlatforms) = preSolution
		Debug|Any CPU = Debug|Any CPU
		Release|Any CPU = Release|Any CPU
	EndGlobalSection
	GlobalSection(ProjectConfigurationPlatforms) = postSolution
		{2028E51E-15CE-47BF-9623-3E8F737FB2EC}.Debug|Any CPU.ActiveCfg = Debug|Any CPU
		{2028E51E-15CE-47BF-9623-3E8F737FB2EC}.Debug|Any CPU.Build.0 = Debug|Any CPU
		{2028E51E-15CE-47BF-9623-3E8F737FB2EC}.Release|Any CPU.ActiveCfg = Release|Any CPU
		{2028E51E-15CE-47BF-9623-3E8F737FB2EC}.Release|Any CPU.Build.0 = Release|Any CPU
	EndGlobalSection
	GlobalSection(SolutionProperties) = preSolution
		HideSolutionNode = FALSE
	EndGlobalSection
	GlobalSection(ExtensibilityGlobals) = postSolution
		SolutionGuid = {E0DC9005-684C-4CDD-8770-62F7DA2CFC2E}
	EndGlobalSection
EndGlobal
